
Microsoft Visual Studio Solution File, Format Version 12.00
# Visual Studio 15
VisualStudioVersion = 15.0.28010.2036
MinimumVisualStudioVersion = 10.0.40219.1
Project("{FAE04EC0-301F-11D3-BF4B-00C04F79EFBC}") = "MandatesScreen", "Mandates.Screen\MandatesScreen.csproj", "{EFD0421F-D472-4188-8B59-6D2E4A20BD1F}"
EndProject
Global
	GlobalSection(SolutionConfigurationPlatforms) = preSolution
		Debug|Any CPU = Debug|Any CPU
		Release|Any CPU = Release|Any CPU
	EndGlobalSection
	GlobalSection(ProjectConfigurationPlatforms) = postSolution
		{EFD0421F-D472-4188-8B59-6D2E4A20BD1F}.Debug|Any CPU.ActiveCfg = Debug|Any CPU
		{EFD0421F-D472-4188-8B59-6D2E4A20BD1F}.Debug|Any CPU.Build.0 = Debug|Any CPU
		{EFD0421F-D472-4188-8B59-6D2E4A20BD1F}.Release|Any CPU.ActiveCfg = Release|Any CPU
		{EFD0421F-D472-4188-8B59-6D2E4A20BD1F}.Release|Any CPU.Build.0 = Release|Any CPU
	EndGlobalSection
	GlobalSection(SolutionProperties) = preSolution
		HideSolutionNode = FALSE
	EndGlobalSection
	GlobalSection(ExtensibilityGlobals) = postSolution
		SolutionGuid = {717E15B5-AD83-497D-9B29-AB02E0D91045}
	EndGlobalSection
EndGlobal
